
Microsoft Visual Studio Solution File, Format Version 12.00
# Visual Studio Version 16
VisualStudioVersion = 16.0.31005.135
MinimumVisualStudioVersion = 10.0.40219.1
Project("{FAE04EC0-301F-11D3-BF4B-00C04F79EFBC}") = "ClassMetotDemo", "ClassMetotDemo\ClassMetotDemo.csproj", "{DC5B851D-5E9A-4DA2-9C35-6090539006CE}"
EndProject
Global
	GlobalSection(SolutionConfigurationPlatforms) = preSolution
		Debug|Any CPU = Debug|Any CPU
		Release|Any CPU = Release|Any CPU
	EndGlobalSection
	GlobalSection(ProjectConfigurationPlatforms) = postSolution
		{DC5B851D-5E9A-4DA2-9C35-6090539006CE}.Debug|Any CPU.ActiveCfg = Debug|Any CPU
		{DC5B851D-5E9A-4DA2-9C35-6090539006CE}.Debug|Any CPU.Build.0 = Debug|Any CPU
		{DC5B851D-5E9A-4DA2-9C35-6090539006CE}.Release|Any CPU.ActiveCfg = Release|Any CPU
		{DC5B851D-5E9A-4DA2-9C35-6090539006CE}.Release|Any CPU.Build.0 = Release|Any CPU
	EndGlobalSection
	GlobalSection(SolutionProperties) = preSolution
		HideSolutionNode = FALSE
	EndGlobalSection
	GlobalSection(ExtensibilityGlobals) = postSolution
		SolutionGuid = {FD5A0B1D-1ED7-4A75-979A-402A0CBE50FF}
	EndGlobalSection
EndGlobal
